// !$*UTF8*$!
{
	archiveVersion = 1;
	classes = {
	};
	objectVersion = 77;
	objects = {

/* Begin PBXContainerItemProxy section */
		124DCB252D44A3920035F783 /* PBXContainerItemProxy */ = {
			isa = PBXContainerItemProxy;
			containerPortal = 124DCB072D44A3910035F783 /* Project object */;
			proxyType = 1;
			remoteGlobalIDString = 124DCB0E2D44A3910035F783;
			remoteInfo = AuthDemo;
		};
		124DCB2F2D44A3920035F783 /* PBXContainerItemProxy */ = {
			isa = PBXContainerItemProxy;
			containerPortal = 124DCB072D44A3910035F783 /* Project object */;
			proxyType = 1;
			remoteGlobalIDString = 124DCB0E2D44A3910035F783;
			remoteInfo = AuthDemo;
		};
/* End PBXContainerItemProxy section */

/* Begin PBXFileReference section */
		124DCB0F2D44A3910035F783 /* AuthDemo.app */ = {isa = PBXFileReference; explicitFileType = wrapper.application; includeInIndex = 0; path = AuthDemo.app; sourceTree = BUILT_PRODUCTS_DIR; };
		124DCB242D44A3920035F783 /* AuthDemoTests.xctest */ = {isa = PBXFileReference; explicitFileType = wrapper.cfbundle; includeInIndex = 0; path = AuthDemoTests.xctest; sourceTree = BUILT_PRODUCTS_DIR; };
		124DCB2E2D44A3920035F783 /* AuthDemoUITests.xctest */ = {isa = PBXFileReference; explicitFileType = wrapper.cfbundle; includeInIndex = 0; path = AuthDemoUITests.xctest; sourceTree = BUILT_PRODUCTS_DIR; };
/* End PBXFileReference section */

/* Begin PBXFileSystemSynchronizedBuildFileExceptionSet section */
		123034842D45262700962D91 /* Exceptions for "AuthDemo" folder in "AuthDemo" target */ = {
			isa = PBXFileSystemSynchronizedBuildFileExceptionSet;
			membershipExceptions = (
				Info.plist,
			);
			target = 124DCB0E2D44A3910035F783 /* AuthDemo */;
		};
/* End PBXFileSystemSynchronizedBuildFileExceptionSet section */

/* Begin PBXFileSystemSynchronizedRootGroup section */
		124DCB112D44A3910035F783 /* AuthDemo */ = {
			isa = PBXFileSystemSynchronizedRootGroup;
			exceptions = (
				123034842D45262700962D91 /* Exceptions for "AuthDemo" folder in "AuthDemo" target */,
			);
			path = AuthDemo;
			sourceTree = "<group>";
		};
		124DCB272D44A3920035F783 /* AuthDemoTests */ = {
			isa = PBXFileSystemSynchronizedRootGroup;
			path = AuthDemoTests;
			sourceTree = "<group>";
		};
		124DCB312D44A3920035F783 /* AuthDemoUITests */ = {
			isa = PBXFileSystemSynchronizedRootGroup;
			path = AuthDemoUITests;
			sourceTree = "<group>";
		};
/* End PBXFileSystemSynchronizedRootGroup section */

/* Begin PBXFrameworksBuildPhase section */
		124DCB0C2D44A3910035F783 /* Frameworks */ = {
			isa = PBXFrameworksBuildPhase;
			buildActionMask = 2147483647;
			files = (
			);
			runOnlyForDeploymentPostprocessing = 0;
		};
		124DCB212D44A3920035F783 /* Frameworks */ = {
			isa = PBXFrameworksBuildPhase;
			buildActionMask = 2147483647;
			files = (
			);
			runOnlyForDeploymentPostprocessing = 0;
		};
		124DCB2B2D44A3920035F783 /* Frameworks */ = {
			isa = PBXFrameworksBuildPhase;
			buildActionMask = 2147483647;
			files = (
			);
			runOnlyForDeploymentPostprocessing = 0;
		};
/* End PBXFrameworksBuildPhase section */

/* Begin PBXGroup section */
		124DCB062D44A3910035F783 = {
			isa = PBXGroup;
			children = (
				124DCB112D44A3910035F783 /* AuthDemo */,
				124DCB272D44A3920035F783 /* AuthDemoTests */,
				124DCB312D44A3920035F783 /* AuthDemoUITests */,
				124DCB102D44A3910035F783 /* Products */,
			);
			sourceTree = "<group>";
		};
		124DCB102D44A3910035F783 /* Products */ = {
			isa = PBXGroup;
			children = (
				124DCB0F2D44A3910035F783 /* AuthDemo.app */,
				124DCB242D44A3920035F783 /* AuthDemoTests.xctest */,
				124DCB2E2D44A3920035F783 /* AuthDemoUITests.xctest */,
			);
			name = Products;
			sourceTree = "<group>";
		};
/* End PBXGroup section */

/* Begin PBXNativeTarget section */
		124DCB0E2D44A3910035F783 /* AuthDemo */ = {
			isa = PBXNativeTarget;
			buildConfigurationList = 124DCB382D44A3920035F783 /* Build configuration list for PBXNativeTarget "AuthDemo" */;
			buildPhases = (
				124DCB0B2D44A3910035F783 /* Sources */,
				124DCB0C2D44A3910035F783 /* Frameworks */,
				124DCB0D2D44A3910035F783 /* Resources */,
			);
			buildRules = (
			);
			dependencies = (
			);
			fileSystemSynchronizedGroups = (
				124DCB112D44A3910035F783 /* AuthDemo */,
			);
			name = AuthDemo;
			packageProductDependencies = (
			);
			productName = AuthDemo;
			productReference = 124DCB0F2D44A3910035F783 /* AuthDemo.app */;
			productType = "com.apple.product-type.application";
		};
		124DCB232D44A3920035F783 /* AuthDemoTests */ = {
			isa = PBXNativeTarget;
			buildConfigurationList = 124DCB3B2D44A3920035F783 /* Build configuration list for PBXNativeTarget "AuthDemoTests" */;
			buildPhases = (
				124DCB202D44A3920035F783 /* Sources */,
				124DCB212D44A3920035F783 /* Frameworks */,
				124DCB222D44A3920035F783 /* Resources */,
			);
			buildRules = (
			);
			dependencies = (
				124DCB262D44A3920035F783 /* PBXTargetDependency */,
			);
			fileSystemSynchronizedGroups = (
				124DCB272D44A3920035F783 /* AuthDemoTests */,
			);
			name = AuthDemoTests;
			packageProductDependencies = (
			);
			productName = AuthDemoTests;
			productReference = 124DCB242D44A3920035F783 /* AuthDemoTests.xctest */;
			productType = "com.apple.product-type.bundle.unit-test";
		};
		124DCB2D2D44A3920035F783 /* AuthDemoUITests */ = {
			isa = PBXNativeTarget;
			buildConfigurationList = 124DCB3E2D44A3920035F783 /* Build configuration list for PBXNativeTarget "AuthDemoUITests" */;
			buildPhases = (
				124DCB2A2D44A3920035F783 /* Sources */,
				124DCB2B2D44A3920035F783 /* Frameworks */,
				124DCB2C2D44A3920035F783 /* Resources */,
			);
			buildRules = (
			);
			dependencies = (
				124DCB302D44A3920035F783 /* PBXTargetDependency */,
			);
			fileSystemSynchronizedGroups = (
				124DCB312D44A3920035F783 /* AuthDemoUITests */,
			);
			name = AuthDemoUITests;
			packageProductDependencies = (
			);
			productName = AuthDemoUITests;
			productReference = 124DCB2E2D44A3920035F783 /* AuthDemoUITests.xctest */;
			productType = "com.apple.product-type.bundle.ui-testing";
		};
/* End PBXNativeTarget section */

/* Begin PBXProject section */
		124DCB072D44A3910035F783 /* Project object */ = {
			isa = PBXProject;
			attributes = {
				BuildIndependentTargetsInParallel = 1;
				LastSwiftUpdateCheck = 1600;
				LastUpgradeCheck = 1600;
				TargetAttributes = {
					124DCB0E2D44A3910035F783 = {
						CreatedOnToolsVersion = 16.0;
					};
					124DCB232D44A3920035F783 = {
						CreatedOnToolsVersion = 16.0;
						TestTargetID = 124DCB0E2D44A3910035F783;
					};
					124DCB2D2D44A3920035F783 = {
						CreatedOnToolsVersion = 16.0;
						TestTargetID = 124DCB0E2D44A3910035F783;
					};
				};
			};
			buildConfigurationList = 124DCB0A2D44A3910035F783 /* Build configuration list for PBXProject "AuthDemo" */;
			developmentRegion = en;
			hasScannedForEncodings = 0;
			knownRegions = (
				en,
				Base,
			);
			mainGroup = 124DCB062D44A3910035F783;
			minimizedProjectReferenceProxies = 1;
			preferredProjectObjectVersion = 77;
			productRefGroup = 124DCB102D44A3910035F783 /* Products */;
			projectDirPath = "";
			projectRoot = "";
			targets = (
				124DCB0E2D44A3910035F783 /* AuthDemo */,
				124DCB232D44A3920035F783 /* AuthDemoTests */,
				124DCB2D2D44A3920035F783 /* AuthDemoUITests */,
			);
		};
/* End PBXProject section */

/* Begin PBXResourcesBuildPhase section */
		124DCB0D2D44A3910035F783 /* Resources */ = {
			isa = PBXResourcesBuildPhase;
			buildActionMask = 2147483647;
			files = (
			);
			runOnlyForDeploymentPostprocessing = 0;
		};
		124DCB222D44A3920035F783 /* Resources */ = {
			isa = PBXResourcesBuildPhase;
			buildActionMask = 2147483647;
			files = (
			);
			runOnlyForDeploymentPostprocessing = 0;
		};
		124DCB2C2D44A3920035F783 /* Resources */ = {
			isa = PBXResourcesBuildPhase;
			buildActionMask = 2147483647;
			files = (
			);
			runOnlyForDeploymentPostprocessing = 0;
		};
/* End PBXResourcesBuildPhase section */

/* Begin PBXSourcesBuildPhase section */
		124DCB0B2D44A3910035F783 /* Sources */ = {
			isa = PBXSourcesBuildPhase;
			buildActionMask = 2147483647;
			files = (
			);
			runOnlyForDeploymentPostprocessing = 0;
		};
		124DCB202D44A3920035F783 /* Sources */ = {
			isa = PBXSourcesBuildPhase;
			buildActionMask = 2147483647;
			files = (
			);
			runOnlyForDeploymentPostprocessing = 0;
		};
		124DCB2A2D44A3920035F783 /* Sources */ = {
			isa = PBXSourcesBuildPhase;
			buildActionMask = 2147483647;
			files = (
			);
			runOnlyForDeploymentPostprocessing = 0;
		};
/* End PBXSourcesBuildPhase section */

/* Begin PBXTargetDependency section */
		124DCB262D44A3920035F783 /* PBXTargetDependency */ = {
			isa = PBXTargetDependency;
			target = 124DCB0E2D44A3910035F783 /* AuthDemo */;
			targetProxy = 124DCB252D44A3920035F783 /* PBXContainerItemProxy */;
		};
		124DCB302D44A3920035F783 /* PBXTargetDependency */ = {
			isa = PBXTargetDependency;
			target = 124DCB0E2D44A3910035F783 /* AuthDemo */;
			targetProxy = 124DCB2F2D44A3920035F783 /* PBXContainerItemProxy */;
		};
/* End PBXTargetDependency section */

/* Begin XCBuildConfiguration section */
		124DCB362D44A3920035F783 /* Debug */ = {
			isa = XCBuildConfiguration;
			buildSettings = {
				ALWAYS_SEARCH_USER_PATHS = NO;
				ASSETCATALOG_COMPILER_GENERATE_SWIFT_ASSET_SYMBOL_EXTENSIONS = YES;
				CLANG_ANALYZER_NONNULL = YES;
				CLANG_ANALYZER_NUMBER_OBJECT_CONVERSION = YES_AGGRESSIVE;
				CLANG_CXX_LANGUAGE_STANDARD = "gnu++20";
				CLANG_ENABLE_MODULES = YES;
				CLANG_ENABLE_OBJC_ARC = YES;
				CLANG_ENABLE_OBJC_WEAK = YES;
				CLANG_WARN_BLOCK_CAPTURE_AUTORELEASING = YES;
				CLANG_WARN_BOOL_CONVERSION = YES;
				CLANG_WARN_COMMA = YES;
				CLANG_WARN_CONSTANT_CONVERSION = YES;
				CLANG_WARN_DEPRECATED_OBJC_IMPLEMENTATIONS = YES;
				CLANG_WARN_DIRECT_OBJC_ISA_USAGE = YES_ERROR;
				CLANG_WARN_DOCUMENTATION_COMMENTS = YES;
				CLANG_WARN_EMPTY_BODY = YES;
				CLANG_WARN_ENUM_CONVERSION = YES;
				CLANG_WARN_INFINITE_RECURSION = YES;
				CLANG_WARN_INT_CONVERSION = YES;
				CLANG_WARN_NON_LITERAL_NULL_CONVERSION = YES;
				CLANG_WARN_OBJC_IMPLICIT_RETAIN_SELF = YES;
				CLANG_WARN_OBJC_LITERAL_CONVERSION = YES;
				CLANG_WARN_OBJC_ROOT_CLASS = YES_ERROR;
				CLANG_WARN_QUOTED_INCLUDE_IN_FRAMEWORK_HEADER = YES;
				CLANG_WARN_RANGE_LOOP_ANALYSIS = YES;
				CLANG_WARN_STRICT_PROTOTYPES = YES;
				CLANG_WARN_SUSPICIOUS_MOVE = YES;
				CLANG_WARN_UNGUARDED_AVAILABILITY = YES_AGGRESSIVE;
				CLANG_WARN_UNREACHABLE_CODE = YES;
				CLANG_WARN__DUPLICATE_METHOD_MATCH = YES;
				COPY_PHASE_STRIP = NO;
				DEBUG_INFORMATION_FORMAT = dwarf;
				ENABLE_STRICT_OBJC_MSGSEND = YES;
				ENABLE_TESTABILITY = YES;
				ENABLE_USER_SCRIPT_SANDBOXING = YES;
				GCC_C_LANGUAGE_STANDARD = gnu17;
				GCC_DYNAMIC_NO_PIC = NO;
				GCC_NO_COMMON_BLOCKS = YES;
				GCC_OPTIMIZATION_LEVEL = 0;
				GCC_PREPROCESSOR_DEFINITIONS = (
					"DEBUG=1",
					"$(inherited)",
				);
				GCC_WARN_64_TO_32_BIT_CONVERSION = YES;
				GCC_WARN_ABOUT_RETURN_TYPE = YES_ERROR;
				GCC_WARN_UNDECLARED_SELECTOR = YES;
				GCC_WARN_UNINITIALIZED_AUTOS = YES_AGGRESSIVE;
				GCC_WARN_UNUSED_FUNCTION = YES;
				GCC_WARN_UNUSED_VARIABLE = YES;
				IPHONEOS_DEPLOYMENT_TARGET = 18.0;
				LOCALIZATION_PREFERS_STRING_CATALOGS = YES;
				MTL_ENABLE_DEBUG_INFO = INCLUDE_SOURCE;
				MTL_FAST_MATH = YES;
				ONLY_ACTIVE_ARCH = YES;
				SDKROOT = iphoneos;
				SWIFT_ACTIVE_COMPILATION_CONDITIONS = "DEBUG $(inherited)";
				SWIFT_OPTIMIZATION_LEVEL = "-Onone";
			};
			name = Debug;
		};
		124DCB372D44A3920035F783 /* Release */ = {
			isa = XCBuildConfiguration;
			buildSettings = {
				ALWAYS_SEARCH_USER_PATHS = NO;
				ASSETCATALOG_COMPILER_GENERATE_SWIFT_ASSET_SYMBOL_EXTENSIONS = YES;
				CLANG_ANALYZER_NONNULL = YES;
				CLANG_ANALYZER_NUMBER_OBJECT_CONVERSION = YES_AGGRESSIVE;
				CLANG_CXX_LANGUAGE_STANDARD = "gnu++20";
				CLANG_ENABLE_MODULES = YES;
				CLANG_ENABLE_OBJC_ARC = YES;
				CLANG_ENABLE_OBJC_WEAK = YES;
				CLANG_WARN_BLOCK_CAPTURE_AUTORELEASING = YES;
				CLANG_WARN_BOOL_CONVERSION = YES;
				CLANG_WARN_COMMA = YES;
				CLANG_WARN_CONSTANT_CONVERSION = YES;
				CLANG_WARN_DEPRECATED_OBJC_IMPLEMENTATIONS = YES;
				CLANG_WARN_DIRECT_OBJC_ISA_USAGE = YES_ERROR;
				CLANG_WARN_DOCUMENTATION_COMMENTS = YES;
				CLANG_WARN_EMPTY_BODY = YES;
				CLANG_WARN_ENUM_CONVERSION = YES;
				CLANG_WARN_INFINITE_RECURSION = YES;
				CLANG_WARN_INT_CONVERSION = YES;
				CLANG_WARN_NON_LITERAL_NULL_CONVERSION = YES;
				CLANG_WARN_OBJC_IMPLICIT_RETAIN_SELF = YES;
				CLANG_WARN_OBJC_LITERAL_CONVERSION = YES;
				CLANG_WARN_OBJC_ROOT_CLASS = YES_ERROR;
				CLANG_WARN_QUOTED_INCLUDE_IN_FRAMEWORK_HEADER = YES;
				CLANG_WARN_RANGE_LOOP_ANALYSIS = YES;
				CLANG_WARN_STRICT_PROTOTYPES = YES;
				CLANG_WARN_SUSPICIOUS_MOVE = YES;
				CLANG_WARN_UNGUARDED_AVAILABILITY = YES_AGGRESSIVE;
				CLANG_WARN_UNREACHABLE_CODE = YES;
				CLANG_WARN__DUPLICATE_METHOD_MATCH = YES;
				COPY_PHASE_STRIP = NO;
				DEBUG_INFORMATION_FORMAT = "dwarf-with-dsym";
				ENABLE_NS_ASSERTIONS = NO;
				ENABLE_STRICT_OBJC_MSGSEND = YES;
				ENABLE_USER_SCRIPT_SANDBOXING = YES;
				GCC_C_LANGUAGE_STANDARD = gnu17;
				GCC_NO_COMMON_BLOCKS = YES;
				GCC_WARN_64_TO_32_BIT_CONVERSION = YES;
				GCC_WARN_ABOUT_RETURN_TYPE = YES_ERROR;
				GCC_WARN_UNDECLARED_SELECTOR = YES;
				GCC_WARN_UNINITIALIZED_AUTOS = YES_AGGRESSIVE;
				GCC_WARN_UNUSED_FUNCTION = YES;
				GCC_WARN_UNUSED_VARIABLE = YES;
				IPHONEOS_DEPLOYMENT_TARGET = 18.0;
				LOCALIZATION_PREFERS_STRING_CATALOGS = YES;
				MTL_ENABLE_DEBUG_INFO = NO;
				MTL_FAST_MATH = YES;
				SDKROOT = iphoneos;
				SWIFT_COMPILATION_MODE = wholemodule;
				VALIDATE_PRODUCT = YES;
			};
			name = Release;
		};
		124DCB392D44A3920035F783 /* Debug */ = {
			isa = XCBuildConfiguration;
			buildSettings = {
				ASSETCATALOG_COMPILER_APPICON_NAME = AppIcon;
				ASSETCATALOG_COMPILER_GLOBAL_ACCENT_COLOR_NAME = AccentColor;
				CODE_SIGN_STYLE = Automatic;
				CURRENT_PROJECT_VERSION = 1;
				DEVELOPMENT_ASSET_PATHS = "\"AuthDemo/Preview Content\"";
				DEVELOPMENT_TEAM = 5F7FG82795;
				ENABLE_PREVIEWS = YES;
				GENERATE_INFOPLIST_FILE = YES;
				INFOPLIST_FILE = AuthDemo/Info.plist;
				INFOPLIST_KEY_NSFaceIDUsageDescription = "We use Face ID to allow you to quickly and securely log in to your account";
				INFOPLIST_KEY_UIApplicationSceneManifest_Generation = YES;
				INFOPLIST_KEY_UIApplicationSupportsIndirectInputEvents = YES;
				INFOPLIST_KEY_UILaunchStoryboardName = "Launch Screen.storyboard";
				INFOPLIST_KEY_UISupportedInterfaceOrientations_iPad = "UIInterfaceOrientationPortrait UIInterfaceOrientationPortraitUpsideDown UIInterfaceOrientationLandscapeLeft UIInterfaceOrientationLandscapeRight";
				INFOPLIST_KEY_UISupportedInterfaceOrientations_iPhone = "UIInterfaceOrientationPortrait UIInterfaceOrientationLandscapeLeft UIInterfaceOrientationLandscapeRight";
				INFOPLIST_KEY_UIUserInterfaceStyle = Light;
				LD_RUNPATH_SEARCH_PATHS = (
					"$(inherited)",
					"@executable_path/Frameworks",
				);
				MARKETING_VERSION = 1.0;
				PRODUCT_BUNDLE_IDENTIFIER = testing.app.AuthDemo;
				PRODUCT_NAME = "$(TARGET_NAME)";
				SWIFT_EMIT_LOC_STRINGS = YES;
				SWIFT_VERSION = 5.0;
				TARGETED_DEVICE_FAMILY = "1,2";
			};
			name = Debug;
		};
		124DCB3A2D44A3920035F783 /* Release */ = {
			isa = XCBuildConfiguration;
			buildSettings = {
				ASSETCATALOG_COMPILER_APPICON_NAME = AppIcon;
				ASSETCATALOG_COMPILER_GLOBAL_ACCENT_COLOR_NAME = AccentColor;
				CODE_SIGN_STYLE = Automatic;
				CURRENT_PROJECT_VERSION = 1;
				DEVELOPMENT_ASSET_PATHS = "\"AuthDemo/Preview Content\"";
				DEVELOPMENT_TEAM = 5F7FG82795;
				ENABLE_PREVIEWS = YES;
				GENERATE_INFOPLIST_FILE = YES;
				INFOPLIST_FILE = AuthDemo/Info.plist;
				INFOPLIST_KEY_NSFaceIDUsageDescription = "We use Face ID to allow you to quickly and securely log in to your account";
				INFOPLIST_KEY_UIApplicationSceneManifest_Generation = YES;
				INFOPLIST_KEY_UIApplicationSupportsIndirectInputEvents = YES;
				INFOPLIST_KEY_UILaunchStoryboardName = "Launch Screen.storyboard";
				INFOPLIST_KEY_UISupportedInterfaceOrientations_iPad = "UIInterfaceOrientationPortrait UIInterfaceOrientationPortraitUpsideDown UIInterfaceOrientationLandscapeLeft UIInterfaceOrientationLandscapeRight";
				INFOPLIST_KEY_UISupportedInterfaceOrientations_iPhone = "UIInterfaceOrientationPortrait UIInterfaceOrientationLandscapeLeft UIInterfaceOrientationLandscapeRight";
				INFOPLIST_KEY_UIUserInterfaceStyle = Light;
				LD_RUNPATH_SEARCH_PATHS = (
					"$(inherited)",
					"@executable_path/Frameworks",
				);
				MARKETING_VERSION = 1.0;
				PRODUCT_BUNDLE_IDENTIFIER = testing.app.AuthDemo;
				PRODUCT_NAME = "$(TARGET_NAME)";
				SWIFT_EMIT_LOC_STRINGS = YES;
				SWIFT_VERSION = 5.0;
				TARGETED_DEVICE_FAMILY = "1,2";
			};
			name = Release;
		};
		124DCB3C2D44A3920035F783 /* Debug */ = {
			isa = XCBuildConfiguration;
			buildSettings = {
				BUNDLE_LOADER = "$(TEST_HOST)";
				"CODE_SIGN_IDENTITY[sdk=macosx*]" = "-";
				CODE_SIGN_STYLE = Automatic;
				CURRENT_PROJECT_VERSION = 1;
				DEVELOPMENT_TEAM = 5F7FG82795;
				GENERATE_INFOPLIST_FILE = YES;
				IPHONEOS_DEPLOYMENT_TARGET = 18.0;
				MARKETING_VERSION = 1.0;
				PRODUCT_BUNDLE_IDENTIFIER = testing.app.AuthDemoTests;
				PRODUCT_NAME = "$(TARGET_NAME)";
				SWIFT_EMIT_LOC_STRINGS = NO;
				SWIFT_VERSION = 5.0;
				TARGETED_DEVICE_FAMILY = "1,2";
				TEST_HOST = "$(BUILT_PRODUCTS_DIR)/AuthDemo.app/$(BUNDLE_EXECUTABLE_FOLDER_PATH)/AuthDemo";
			};
			name = Debug;
		};
		124DCB3D2D44A3920035F783 /* Release */ = {
			isa = XCBuildConfiguration;
			buildSettings = {
				BUNDLE_LOADER = "$(TEST_HOST)";
				"CODE_SIGN_IDENTITY[sdk=macosx*]" = "-";
				CODE_SIGN_STYLE = Automatic;
				CURRENT_PROJECT_VERSION = 1;
				DEVELOPMENT_TEAM = 5F7FG82795;
				GENERATE_INFOPLIST_FILE = YES;
				IPHONEOS_DEPLOYMENT_TARGET = 18.0;
				MARKETING_VERSION = 1.0;
				PRODUCT_BUNDLE_IDENTIFIER = testing.app.AuthDemoTests;
				PRODUCT_NAME = "$(TARGET_NAME)";
				SWIFT_EMIT_LOC_STRINGS = NO;
				SWIFT_VERSION = 5.0;
				TARGETED_DEVICE_FAMILY = "1,2";
				TEST_HOST = "$(BUILT_PRODUCTS_DIR)/AuthDemo.app/$(BUNDLE_EXECUTABLE_FOLDER_PATH)/AuthDemo";
			};
			name = Release;
		};
		124DCB3F2D44A3920035F783 /* Debug */ = {
			isa = XCBuildConfiguration;
			buildSettings = {
				CODE_SIGN_STYLE = Automatic;
				CURRENT_PROJECT_VERSION = 1;
				DEVELOPMENT_TEAM = 5F7FG82795;
				GENERATE_INFOPLIST_FILE = YES;
				MARKETING_VERSION = 1.0;
				PRODUCT_BUNDLE_IDENTIFIER = testing.app.AuthDemoUITests;
				PRODUCT_NAME = "$(TARGET_NAME)";
				SWIFT_EMIT_LOC_STRINGS = NO;
				SWIFT_VERSION = 5.0;
				TARGETED_DEVICE_FAMILY = "1,2";
				TEST_TARGET_NAME = AuthDemo;
			};
			name = Debug;
		};
		124DCB402D44A3920035F783 /* Release */ = {
			isa = XCBuildConfiguration;
			buildSettings = {
				CODE_SIGN_STYLE = Automatic;
				CURRENT_PROJECT_VERSION = 1;
				DEVELOPMENT_TEAM = 5F7FG82795;
				GENERATE_INFOPLIST_FILE = YES;
				MARKETING_VERSION = 1.0;
				PRODUCT_BUNDLE_IDENTIFIER = testing.app.AuthDemoUITests;
				PRODUCT_NAME = "$(TARGET_NAME)";
				SWIFT_EMIT_LOC_STRINGS = NO;
				SWIFT_VERSION = 5.0;
				TARGETED_DEVICE_FAMILY = "1,2";
				TEST_TARGET_NAME = AuthDemo;
			};
			name = Release;
		};
/* End XCBuildConfiguration section */

/* Begin XCConfigurationList section */
		124DCB0A2D44A3910035F783 /* Build configuration list for PBXProject "AuthDemo" */ = {
			isa = XCConfigurationList;
			buildConfigurations = (
				124DCB362D44A3920035F783 /* Debug */,
				124DCB372D44A3920035F783 /* Release */,
			);
			defaultConfigurationIsVisible = 0;
			defaultConfigurationName = Release;
		};
		124DCB382D44A3920035F783 /* Build configuration list for PBXNativeTarget "AuthDemo" */ = {
			isa = XCConfigurationList;
			buildConfigurations = (
				124DCB392D44A3920035F783 /* Debug */,
				124DCB3A2D44A3920035F783 /* Release */,
			);
			defaultConfigurationIsVisible = 0;
			defaultConfigurationName = Release;
		};
		124DCB3B2D44A3920035F783 /* Build configuration list for PBXNativeTarget "AuthDemoTests" */ = {
			isa = XCConfigurationList;
			buildConfigurations = (
				124DCB3C2D44A3920035F783 /* Debug */,
				124DCB3D2D44A3920035F783 /* Release */,
			);
			defaultConfigurationIsVisible = 0;
			defaultConfigurationName = Release;
		};
		124DCB3E2D44A3920035F783 /* Build configuration list for PBXNativeTarget "AuthDemoUITests" */ = {
			isa = XCConfigurationList;
			buildConfigurations = (
				124DCB3F2D44A3920035F783 /* Debug */,
				124DCB402D44A3920035F783 /* Release */,
			);
			defaultConfigurationIsVisible = 0;
			defaultConfigurationName = Release;
		};
/* End XCConfigurationList section */
	};
	rootObject = 124DCB072D44A3910035F783 /* Project object */;
}
